
Microsoft Visual Studio Solution File, Format Version 12.00
# Visual Studio 2012
Project("{FAE04EC0-301F-11D3-BF4B-00C04F79EFBC}") = "MiCalculadora", "MiCalculadora\MiCalculadora.csproj", "{DD96781B-4012-478E-8076-A7A1F9151FB5}"
EndProject
Project("{FAE04EC0-301F-11D3-BF4B-00C04F79EFBC}") = "Entidades", "Entidades\Entidades\Entidades.csproj", "{CEC76FD5-3798-4DA2-9E3C-338F02619148}"
EndProject
Global
	GlobalSection(SolutionConfigurationPlatforms) = preSolution
		Debug|Any CPU = Debug|Any CPU
		Release|Any CPU = Release|Any CPU
	EndGlobalSection
	GlobalSection(ProjectConfigurationPlatforms) = postSolution
		{DD96781B-4012-478E-8076-A7A1F9151FB5}.Debug|Any CPU.ActiveCfg = Debug|Any CPU
		{DD96781B-4012-478E-8076-A7A1F9151FB5}.Debug|Any CPU.Build.0 = Debug|Any CPU
		{DD96781B-4012-478E-8076-A7A1F9151FB5}.Release|Any CPU.ActiveCfg = Release|Any CPU
		{DD96781B-4012-478E-8076-A7A1F9151FB5}.Release|Any CPU.Build.0 = Release|Any CPU
		{CEC76FD5-3798-4DA2-9E3C-338F02619148}.Debug|Any CPU.ActiveCfg = Debug|Any CPU
		{CEC76FD5-3798-4DA2-9E3C-338F02619148}.Debug|Any CPU.Build.0 = Debug|Any CPU
		{CEC76FD5-3798-4DA2-9E3C-338F02619148}.Release|Any CPU.ActiveCfg = Release|Any CPU
		{CEC76FD5-3798-4DA2-9E3C-338F02619148}.Release|Any CPU.Build.0 = Release|Any CPU
	EndGlobalSection
	GlobalSection(SolutionProperties) = preSolution
		HideSolutionNode = FALSE
	EndGlobalSection
EndGlobal
