
Microsoft Visual Studio Solution File, Format Version 12.00
# Visual Studio Version 16
VisualStudioVersion = 16.0.29519.181
MinimumVisualStudioVersion = 10.0.40219.1
Project("{FAE04EC0-301F-11D3-BF4B-00C04F79EFBC}") = "MainCorreo", "MainCorreo\MainCorreo.csproj", "{79E3001B-95C1-41A0-A054-0EE7FD7219C9}"
EndProject
Project("{FAE04EC0-301F-11D3-BF4B-00C04F79EFBC}") = "Entidades", "Entidades\Entidades.csproj", "{BD4A66D1-0EAF-4C12-AD67-114E2D6AEAC3}"
EndProject
Project("{FAE04EC0-301F-11D3-BF4B-00C04F79EFBC}") = "UnitTestProject1", "UnitTestProject1\UnitTestProject1.csproj", "{5AAA4D1A-F2CE-4248-83C9-F64D14F95DE4}"
EndProject
Global
	GlobalSection(SolutionConfigurationPlatforms) = preSolution
		Debug|Any CPU = Debug|Any CPU
		Release|Any CPU = Release|Any CPU
	EndGlobalSection
	GlobalSection(ProjectConfigurationPlatforms) = postSolution
		{79E3001B-95C1-41A0-A054-0EE7FD7219C9}.Debug|Any CPU.ActiveCfg = Debug|Any CPU
		{79E3001B-95C1-41A0-A054-0EE7FD7219C9}.Debug|Any CPU.Build.0 = Debug|Any CPU
		{79E3001B-95C1-41A0-A054-0EE7FD7219C9}.Release|Any CPU.ActiveCfg = Release|Any CPU
		{79E3001B-95C1-41A0-A054-0EE7FD7219C9}.Release|Any CPU.Build.0 = Release|Any CPU
		{BD4A66D1-0EAF-4C12-AD67-114E2D6AEAC3}.Debug|Any CPU.ActiveCfg = Debug|Any CPU
		{BD4A66D1-0EAF-4C12-AD67-114E2D6AEAC3}.Debug|Any CPU.Build.0 = Debug|Any CPU
		{BD4A66D1-0EAF-4C12-AD67-114E2D6AEAC3}.Release|Any CPU.ActiveCfg = Release|Any CPU
		{BD4A66D1-0EAF-4C12-AD67-114E2D6AEAC3}.Release|Any CPU.Build.0 = Release|Any CPU
		{5AAA4D1A-F2CE-4248-83C9-F64D14F95DE4}.Debug|Any CPU.ActiveCfg = Debug|Any CPU
		{5AAA4D1A-F2CE-4248-83C9-F64D14F95DE4}.Debug|Any CPU.Build.0 = Debug|Any CPU
		{5AAA4D1A-F2CE-4248-83C9-F64D14F95DE4}.Release|Any CPU.ActiveCfg = Release|Any CPU
		{5AAA4D1A-F2CE-4248-83C9-F64D14F95DE4}.Release|Any CPU.Build.0 = Release|Any CPU
	EndGlobalSection
	GlobalSection(SolutionProperties) = preSolution
		HideSolutionNode = FALSE
	EndGlobalSection
	GlobalSection(ExtensibilityGlobals) = postSolution
		SolutionGuid = {6B1B9835-5C13-4EC9-9643-702FED4CF5A3}
	EndGlobalSection
EndGlobal
